
Microsoft Visual Studio Solution File, Format Version 12.00
# Visual Studio 15
VisualStudioVersion = 15.0.28307.1778
MinimumVisualStudioVersion = 10.0.40219.1
Project("{FAE04EC0-301F-11D3-BF4B-00C04F79EFBC}") = "ATU_V1", "WindowsFormsApp1\ATU_V1.csproj", "{44846EB2-E4BB-4976-A9E4-480FB11EF314}"
EndProject
Global
	GlobalSection(SolutionConfigurationPlatforms) = preSolution
		Debug|Any CPU = Debug|Any CPU
		Release|Any CPU = Release|Any CPU
	EndGlobalSection
	GlobalSection(ProjectConfigurationPlatforms) = postSolution
		{44846EB2-E4BB-4976-A9E4-480FB11EF314}.Debug|Any CPU.ActiveCfg = Debug|Any CPU
		{44846EB2-E4BB-4976-A9E4-480FB11EF314}.Debug|Any CPU.Build.0 = Debug|Any CPU
		{44846EB2-E4BB-4976-A9E4-480FB11EF314}.Release|Any CPU.ActiveCfg = Release|Any CPU
		{44846EB2-E4BB-4976-A9E4-480FB11EF314}.Release|Any CPU.Build.0 = Release|Any CPU
	EndGlobalSection
	GlobalSection(SolutionProperties) = preSolution
		HideSolutionNode = FALSE
	EndGlobalSection
	GlobalSection(ExtensibilityGlobals) = postSolution
		SolutionGuid = {A26B6AED-7E3B-4440-BF1C-D48352521148}
	EndGlobalSection
EndGlobal
